{
  "version": 1,
  "dependencies": {
    "net10.0": {
      "Anthropic": {
        "type": "Direct",
        "requested": "[12.38.0, )",
        "resolved": "12.38.0",
        "contentHash": "vUvltzl+xco1no0X6RHcxPFvGLUBD+aFDALPJLjhJVciEE/zru35B3Irz5kbMRzSkcHEfzz5oxe2PAguUQBJpQ==",
        "dependencies": {
          "Microsoft.Extensions.AI.Abstractions": "10.5.1"
        }
      },
      "Microsoft.Extensions.AI": {
        "type": "Direct",
        "requested": "[10.8.0, )",
        "resolved": "10.8.0",
        "contentHash": "QfthL8e2X/Z6jRs4YyVS2+HTApJvhz725l35HYZ9cfwlEuQnpzY89NJoGNmpuNZn4LIvvQOQeZIbu3jggBXgUg==",
        "dependencies": {
          "Microsoft.Extensions.AI.Abstractions": "10.8.0",
          "System.Numerics.Tensors": "10.0.10"
        }
      },
      "Microsoft.CodeAnalysis.Analyzers": {
        "type": "Transitive",
        "resolved": "5.3.0",
        "contentHash": "KuLhbZwB0L8JikL86AE5VWEp3RLNjIcp+j8yz9EJ/UBgRz4+qDEjHg/tluRFbpYpD/e37BqaaNFbQ0vqawBwWQ=="
      },
      "Microsoft.CodeAnalysis.Common": {
        "type": "Transitive",
        "resolved": "5.6.0",
        "contentHash": "eWYNB5e92PSdkQ0xcmy2aLtrvBXNydnVi0Hj/VjaAely6XBqA3By+ClGAJaj4d16pzQmrXPLLK9RDVuS1Ec9xQ==",
        "dependencies": {
          "Microsoft.CodeAnalysis.Analyzers": "5.3.0"
        }
      },
      "Microsoft.CodeAnalysis.CSharp": {
        "type": "Transitive",
        "resolved": "5.6.0",
        "contentHash": "r1DrKQ/L0xTw03wJrLr36AMQNslyaeEKBFyFmQcOKa8HX3YvmhY//JEUafb6IR/m0gmaUVCfBTWitKJRNb7YAA==",
        "dependencies": {
          "Microsoft.CodeAnalysis.Analyzers": "5.3.0",
          "Microsoft.CodeAnalysis.Common": "[5.6.0]"
        }
      },
      "Microsoft.Extensions.AI.Abstractions": {
        "type": "Transitive",
        "resolved": "10.8.0",
        "contentHash": "1tJZ5sAYrEq1YjNg8GrZSL1tVodsWRfrgybGsZo5DQsWQgLZ+dSR5uFowIS6vb/9zxGBPl7xpYq53QMjNObO9w=="
      },
      "System.Numerics.Tensors": {
        "type": "Transitive",
        "resolved": "10.0.10",
        "contentHash": "9Ildb4Y9maDztB0ZRGxsNShbpCQ2Tjv2dr4IjskBxpTGhH7aIz1+oC+Hl833ASs/htWwsH6myNe+sRpeyCzeMQ=="
      },
      "rulecraft": {
        "type": "Project",
        "dependencies": {
          "Microsoft.CodeAnalysis.CSharp": "[5.6.0, )",
          "Microsoft.Extensions.AI.Abstractions": "[10.8.0, )"
        }
      }
    }
  }
}